
Microsoft Visual Studio Solution File, Format Version 12.00
# Visual Studio Version 17
VisualStudioVersion = 17.11.35312.102
MinimumVisualStudioVersion = 10.0.40219.1
Project("{FAE04EC0-301F-11D3-BF4B-00C04F79EFBC}") = "Azon.Weather", "Azon.Weather.csproj", "{5D0A9387-9E1D-461E-9B32-822FB7AE50C8}"
EndProject
Global
	GlobalSection(SolutionConfigurationPlatforms) = preSolution
		Debug|Any CPU = Debug|Any CPU
		Release|Any CPU = Release|Any CPU
	EndGlobalSection
	GlobalSection(ProjectConfigurationPlatforms) = postSolution
		{5D0A9387-9E1D-461E-9B32-822FB7AE50C8}.Debug|Any CPU.ActiveCfg = Debug|Any CPU
		{5D0A9387-9E1D-461E-9B32-822FB7AE50C8}.Debug|Any CPU.Build.0 = Debug|Any CPU
		{5D0A9387-9E1D-461E-9B32-822FB7AE50C8}.Release|Any CPU.ActiveCfg = Release|Any CPU
		{5D0A9387-9E1D-461E-9B32-822FB7AE50C8}.Release|Any CPU.Build.0 = Release|Any CPU
	EndGlobalSection
	GlobalSection(SolutionProperties) = preSolution
		HideSolutionNode = FALSE
	EndGlobalSection
	GlobalSection(ExtensibilityGlobals) = postSolution
		SolutionGuid = {FD86620A-5869-4F96-AFD2-B0BDFBE2D70C}
	EndGlobalSection
EndGlobal
