
Microsoft Visual Studio Solution File, Format Version 12.00
# Visual Studio Version 17
VisualStudioVersion = 17.5.002.0
MinimumVisualStudioVersion = 10.0.40219.1
Project("{9A19103F-16F7-4668-BE54-9A1E7A4F7556}") = "HomeworkApp", "HomeworkApp.csproj", "{443440CE-7E4B-4367-9AD2-7DFB80C16921}"
EndProject
Global
	GlobalSection(SolutionConfigurationPlatforms) = preSolution
		Debug|Any CPU = Debug|Any CPU
		Release|Any CPU = Release|Any CPU
	EndGlobalSection
	GlobalSection(ProjectConfigurationPlatforms) = postSolution
		{443440CE-7E4B-4367-9AD2-7DFB80C16921}.Debug|Any CPU.ActiveCfg = Debug|Any CPU
		{443440CE-7E4B-4367-9AD2-7DFB80C16921}.Debug|Any CPU.Build.0 = Debug|Any CPU
		{443440CE-7E4B-4367-9AD2-7DFB80C16921}.Release|Any CPU.ActiveCfg = Release|Any CPU
		{443440CE-7E4B-4367-9AD2-7DFB80C16921}.Release|Any CPU.Build.0 = Release|Any CPU
	EndGlobalSection
	GlobalSection(SolutionProperties) = preSolution
		HideSolutionNode = FALSE
	EndGlobalSection
	GlobalSection(ExtensibilityGlobals) = postSolution
		SolutionGuid = {4FF10FED-6353-40D1-A668-202F20CB03F0}
	EndGlobalSection
EndGlobal
