
Microsoft Visual Studio Solution File, Format Version 12.00
# Visual Studio Version 17
VisualStudioVersion = 17.11.35312.102
MinimumVisualStudioVersion = 10.0.40219.1
Project("{FAE04EC0-301F-11D3-BF4B-00C04F79EFBC}") = "October21", "October21.csproj", "{34AB9EB4-2F7E-4E18-9B06-BA81E0543BCA}"
EndProject
Global
	GlobalSection(SolutionConfigurationPlatforms) = preSolution
		Debug|Any CPU = Debug|Any CPU
		Release|Any CPU = Release|Any CPU
	EndGlobalSection
	GlobalSection(ProjectConfigurationPlatforms) = postSolution
		{34AB9EB4-2F7E-4E18-9B06-BA81E0543BCA}.Debug|Any CPU.ActiveCfg = Debug|Any CPU
		{34AB9EB4-2F7E-4E18-9B06-BA81E0543BCA}.Debug|Any CPU.Build.0 = Debug|Any CPU
		{34AB9EB4-2F7E-4E18-9B06-BA81E0543BCA}.Release|Any CPU.ActiveCfg = Release|Any CPU
		{34AB9EB4-2F7E-4E18-9B06-BA81E0543BCA}.Release|Any CPU.Build.0 = Release|Any CPU
	EndGlobalSection
	GlobalSection(SolutionProperties) = preSolution
		HideSolutionNode = FALSE
	EndGlobalSection
	GlobalSection(ExtensibilityGlobals) = postSolution
		SolutionGuid = {4016D981-465E-40AB-A05D-473477CD5CB4}
	EndGlobalSection
EndGlobal
